
Microsoft Visual Studio Solution File, Format Version 12.00
Project("{FAE04EC0-301F-11D3-BF4B-00C04F79EFBC}") = "PasswordRetriever", "PasswordRetriever\PasswordRetriever.csproj", "{CF2B9EFF-4CD3-4D15-89D1-E61621A4838A}"
EndProject
Global
	GlobalSection(SolutionConfigurationPlatforms) = preSolution
		Debug|Any CPU = Debug|Any CPU
		Release|Any CPU = Release|Any CPU
	EndGlobalSection
	GlobalSection(ProjectConfigurationPlatforms) = postSolution
		{CF2B9EFF-4CD3-4D15-89D1-E61621A4838A}.Debug|Any CPU.ActiveCfg = Debug|Any CPU
		{CF2B9EFF-4CD3-4D15-89D1-E61621A4838A}.Debug|Any CPU.Build.0 = Debug|Any CPU
		{CF2B9EFF-4CD3-4D15-89D1-E61621A4838A}.Release|Any CPU.ActiveCfg = Release|Any CPU
		{CF2B9EFF-4CD3-4D15-89D1-E61621A4838A}.Release|Any CPU.Build.0 = Release|Any CPU
	EndGlobalSection
EndGlobal
